
Microsoft Visual Studio Solution File, Format Version 12.00
# Visual Studio Version 16
VisualStudioVersion = 16.0.30523.141
MinimumVisualStudioVersion = 10.0.40219.1
Project("{FAE04EC0-301F-11D3-BF4B-00C04F79EFBC}") = "RM", "RM\RM.csproj", "{C3C29A74-E025-489D-A6CF-5B9A43626837}"
EndProject
Global
	GlobalSection(SolutionConfigurationPlatforms) = preSolution
		Debug|Any CPU = Debug|Any CPU
		Release|Any CPU = Release|Any CPU
	EndGlobalSection
	GlobalSection(ProjectConfigurationPlatforms) = postSolution
		{C3C29A74-E025-489D-A6CF-5B9A43626837}.Debug|Any CPU.ActiveCfg = Debug|Any CPU
		{C3C29A74-E025-489D-A6CF-5B9A43626837}.Debug|Any CPU.Build.0 = Debug|Any CPU
		{C3C29A74-E025-489D-A6CF-5B9A43626837}.Release|Any CPU.ActiveCfg = Release|Any CPU
		{C3C29A74-E025-489D-A6CF-5B9A43626837}.Release|Any CPU.Build.0 = Release|Any CPU
	EndGlobalSection
	GlobalSection(SolutionProperties) = preSolution
		HideSolutionNode = FALSE
	EndGlobalSection
	GlobalSection(ExtensibilityGlobals) = postSolution
		SolutionGuid = {A6B042C6-41A3-4796-B6D5-A89711DD16CA}
	EndGlobalSection
EndGlobal
